
Microsoft Visual Studio Solution File, Format Version 12.00
# Visual Studio 15
VisualStudioVersion = 15.0.27130.2020
MinimumVisualStudioVersion = 10.0.40219.1
Project("{FAE04EC0-301F-11D3-BF4B-00C04F79EFBC}") = "QiMata.AlternativeInterfaces.Android", "QiMata.AlternativeInterfaces\QiMata.AlternativeInterfaces.Android\QiMata.AlternativeInterfaces.Android.csproj", "{8A8ACEDC-5FD0-4361-9D7A-1FC1C0A1CD8F}"
EndProject
Project("{FAE04EC0-301F-11D3-BF4B-00C04F79EFBC}") = "QiMata.AlternativeInterfaces.iOS", "QiMata.AlternativeInterfaces\QiMata.AlternativeInterfaces.iOS\QiMata.AlternativeInterfaces.iOS.csproj", "{FB4E38F8-2390-44D3-B622-A07160A440A2}"
EndProject
Project("{FAE04EC0-301F-11D3-BF4B-00C04F79EFBC}") = "QiMata.AlternativeInterfaces.UWP", "QiMata.AlternativeInterfaces\QiMata.AlternativeInterfaces.UWP\QiMata.AlternativeInterfaces.UWP.csproj", "{8E66A03C-6676-4DEF-933F-6FF593816F11}"
EndProject
Project("{FAE04EC0-301F-11D3-BF4B-00C04F79EFBC}") = "QiMata.AlternativeInterfaces", "QiMata.AlternativeInterfaces\QiMata.AlternativeInterfaces\QiMata.AlternativeInterfaces.csproj", "{E610305E-E444-4052-9176-50348B207362}"
EndProject
Project("{2150E333-8FDC-42A3-9474-1A3956D46DE8}") = "Platform", "Platform", "{6967F8CC-CFCD-425E-AFF1-BB49FFC91DC3}"
EndProject
Project("{2150E333-8FDC-42A3-9474-1A3956D46DE8}") = "Web", "Web", "{BF1FD00B-F586-4411-8623-24BAF2676C3B}"
EndProject
Project("{FAE04EC0-301F-11D3-BF4B-00C04F79EFBC}") = "QiMata.AlternativeInterfaces.WebApp", "..\QiMata.AlternativeInterfaces.WebApp\QiMata.AlternativeInterfaces.WebApp.csproj", "{201303B6-1DB7-4AB3-8F07-0E0288AA70E8}"
EndProject
Global
	GlobalSection(SolutionConfigurationPlatforms) = preSolution
		Ad-Hoc|Any CPU = Ad-Hoc|Any CPU
		Ad-Hoc|ARM = Ad-Hoc|ARM
		Ad-Hoc|iPhone = Ad-Hoc|iPhone
		Ad-Hoc|iPhoneSimulator = Ad-Hoc|iPhoneSimulator
		Ad-Hoc|x64 = Ad-Hoc|x64
		Ad-Hoc|x86 = Ad-Hoc|x86
		AppStore|Any CPU = AppStore|Any CPU
		AppStore|ARM = AppStore|ARM
		AppStore|iPhone = AppStore|iPhone
		AppStore|iPhoneSimulator = AppStore|iPhoneSimulator
		AppStore|x64 = AppStore|x64
		AppStore|x86 = AppStore|x86
		Debug|Any CPU = Debug|Any CPU
		Debug|ARM = Debug|ARM
		Debug|iPhone = Debug|iPhone
		Debug|iPhoneSimulator = Debug|iPhoneSimulator
		Debug|x64 = Debug|x64
		Debug|x86 = Debug|x86
		Release|Any CPU = Release|Any CPU
		Release|ARM = Release|ARM
		Release|iPhone = Release|iPhone
		Release|iPhoneSimulator = Release|iPhoneSimulator
		Release|x64 = Release|x64
		Release|x86 = Release|x86
	EndGlobalSection
	GlobalSection(ProjectConfigurationPlatforms) = postSolution
		{8A8ACEDC-5FD0-4361-9D7A-1FC1C0A1CD8F}.Ad-Hoc|Any CPU.ActiveCfg = Release|Any CPU
		{8A8ACEDC-5FD0-4361-9D7A-1FC1C0A1CD8F}.Ad-Hoc|Any CPU.Build.0 = Release|Any CPU
		{8A8ACEDC-5FD0-4361-9D7A-1FC1C0A1CD8F}.Ad-Hoc|Any CPU.Deploy.0 = Release|Any CPU
		{8A8ACEDC-5FD0-4361-9D7A-1FC1C0A1CD8F}.Ad-Hoc|ARM.ActiveCfg = Release|Any CPU
		{8A8ACEDC-5FD0-4361-9D7A-1FC1C0A1CD8F}.Ad-Hoc|ARM.Build.0 = Release|Any CPU
		{8A8ACEDC-5FD0-4361-9D7A-1FC1C0A1CD8F}.Ad-Hoc|ARM.Deploy.0 = Release|Any CPU
		{8A8ACEDC-5FD0-4361-9D7A-1FC1C0A1CD8F}.Ad-Hoc|iPhone.ActiveCfg = Release|Any CPU
		{8A8ACEDC-5FD0-4361-9D7A-1FC1C0A1CD8F}.Ad-Hoc|iPhone.Build.0 = Release|Any CPU
		{8A8ACEDC-5FD0-4361-9D7A-1FC1C0A1CD8F}.Ad-Hoc|iPhone.Deploy.0 = Release|Any CPU
		{8A8ACEDC-5FD0-4361-9D7A-1FC1C0A1CD8F}.Ad-Hoc|iPhoneSimulator.ActiveCfg = Release|Any CPU
		{8A8ACEDC-5FD0-4361-9D7A-1FC1C0A1CD8F}.Ad-Hoc|iPhoneSimulator.Build.0 = Release|Any CPU
		{8A8ACEDC-5FD0-4361-9D7A-1FC1C0A1CD8F}.Ad-Hoc|iPhoneSimulator.Deploy.0 = Release|Any CPU
		{8A8ACEDC-5FD0-4361-9D7A-1FC1C0A1CD8F}.Ad-Hoc|x64.ActiveCfg = Release|Any CPU
		{8A8ACEDC-5FD0-4361-9D7A-1FC1C0A1CD8F}.Ad-Hoc|x64.Build.0 = Release|Any CPU
		{8A8ACEDC-5FD0-4361-9D7A-1FC1C0A1CD8F}.Ad-Hoc|x64.Deploy.0 = Release|Any CPU
		{8A8ACEDC-5FD0-4361-9D7A-1FC1C0A1CD8F}.Ad-Hoc|x86.ActiveCfg = Release|Any CPU
		{8A8ACEDC-5FD0-4361-9D7A-1FC1C0A1CD8F}.Ad-Hoc|x86.Build.0 = Release|Any CPU
		{8A8ACEDC-5FD0-4361-9D7A-1FC1C0A1CD8F}.Ad-Hoc|x86.Deploy.0 = Release|Any CPU
		{8A8ACEDC-5FD0-4361-9D7A-1FC1C0A1CD8F}.AppStore|Any CPU.ActiveCfg = Release|Any CPU
		{8A8ACEDC-5FD0-4361-9D7A-1FC1C0A1CD8F}.AppStore|Any CPU.Build.0 = Release|Any CPU
		{8A8ACEDC-5FD0-4361-9D7A-1FC1C0A1CD8F}.AppStore|Any CPU.Deploy.0 = Release|Any CPU
		{8A8ACEDC-5FD0-4361-9D7A-1FC1C0A1CD8F}.AppStore|ARM.ActiveCfg = Release|Any CPU
		{8A8ACEDC-5FD0-4361-9D7A-1FC1C0A1CD8F}.AppStore|ARM.Build.0 = Release|Any CPU
		{8A8ACEDC-5FD0-4361-9D7A-1FC1C0A1CD8F}.AppStore|ARM.Deploy.0 = Release|Any CPU
		{8A8ACEDC-5FD0-4361-9D7A-1FC1C0A1CD8F}.AppStore|iPhone.ActiveCfg = Release|Any CPU
		{8A8ACEDC-5FD0-4361-9D7A-1FC1C0A1CD8F}.AppStore|iPhone.Build.0 = Release|Any CPU
		{8A8ACEDC-5FD0-4361-9D7A-1FC1C0A1CD8F}.AppStore|iPhone.Deploy.0 = Release|Any CPU
		{8A8ACEDC-5FD0-4361-9D7A-1FC1C0A1CD8F}.AppStore|iPhoneSimulator.ActiveCfg = Release|Any CPU
		{8A8ACEDC-5FD0-4361-9D7A-1FC1C0A1CD8F}.AppStore|iPhoneSimulator.Build.0 = Release|Any CPU
		{8A8ACEDC-5FD0-4361-9D7A-1FC1C0A1CD8F}.AppStore|iPhoneSimulator.Deploy.0 = Release|Any CPU
		{8A8ACEDC-5FD0-4361-9D7A-1FC1C0A1CD8F}.AppStore|x64.ActiveCfg = Release|Any CPU
		{8A8ACEDC-5FD0-4361-9D7A-1FC1C0A1CD8F}.AppStore|x64.Build.0 = Release|Any CPU
		{8A8ACEDC-5FD0-4361-9D7A-1FC1C0A1CD8F}.AppStore|x64.Deploy.0 = Release|Any CPU
		{8A8ACEDC-5FD0-4361-9D7A-1FC1C0A1CD8F}.AppStore|x86.ActiveCfg = Release|Any CPU
		{8A8ACEDC-5FD0-4361-9D7A-1FC1C0A1CD8F}.AppStore|x86.Build.0 = Release|Any CPU
		{8A8ACEDC-5FD0-4361-9D7A-1FC1C0A1CD8F}.AppStore|x86.Deploy.0 = Release|Any CPU
		{8A8ACEDC-5FD0-4361-9D7A-1FC1C0A1CD8F}.Debug|Any CPU.ActiveCfg = Debug|Any CPU
		{8A8ACEDC-5FD0-4361-9D7A-1FC1C0A1CD8F}.Debug|Any CPU.Build.0 = Debug|Any CPU
		{8A8ACEDC-5FD0-4361-9D7A-1FC1C0A1CD8F}.Debug|Any CPU.Deploy.0 = Debug|Any CPU
		{8A8ACEDC-5FD0-4361-9D7A-1FC1C0A1CD8F}.Debug|ARM.ActiveCfg = Debug|Any CPU
		{8A8ACEDC-5FD0-4361-9D7A-1FC1C0A1CD8F}.Debug|ARM.Build.0 = Debug|Any CPU
		{8A8ACEDC-5FD0-4361-9D7A-1FC1C0A1CD8F}.Debug|ARM.Deploy.0 = Debug|Any CPU
		{8A8ACEDC-5FD0-4361-9D7A-1FC1C0A1CD8F}.Debug|iPhone.ActiveCfg = Debug|Any CPU
		{8A8ACEDC-5FD0-4361-9D7A-1FC1C0A1CD8F}.Debug|iPhone.Build.0 = Debug|Any CPU
		{8A8ACEDC-5FD0-4361-9D7A-1FC1C0A1CD8F}.Debug|iPhone.Deploy.0 = Debug|Any CPU
		{8A8ACEDC-5FD0-4361-9D7A-1FC1C0A1CD8F}.Debug|iPhoneSimulator.ActiveCfg = Debug|Any CPU
		{8A8ACEDC-5FD0-4361-9D7A-1FC1C0A1CD8F}.Debug|iPhoneSimulator.Build.0 = Debug|Any CPU
		{8A8ACEDC-5FD0-4361-9D7A-1FC1C0A1CD8F}.Debug|iPhoneSimulator.Deploy.0 = Debug|Any CPU
		{8A8ACEDC-5FD0-4361-9D7A-1FC1C0A1CD8F}.Debug|x64.ActiveCfg = Debug|Any CPU
		{8A8ACEDC-5FD0-4361-9D7A-1FC1C0A1CD8F}.Debug|x64.Build.0 = Debug|Any CPU
		{8A8ACEDC-5FD0-4361-9D7A-1FC1C0A1CD8F}.Debug|x64.Deploy.0 = Debug|Any CPU
		{8A8ACEDC-5FD0-4361-9D7A-1FC1C0A1CD8F}.Debug|x86.ActiveCfg = Debug|Any CPU
		{8A8ACEDC-5FD0-4361-9D7A-1FC1C0A1CD8F}.Debug|x86.Build.0 = Debug|Any CPU
		{8A8ACEDC-5FD0-4361-9D7A-1FC1C0A1CD8F}.Debug|x86.Deploy.0 = Debug|Any CPU
		{8A8ACEDC-5FD0-4361-9D7A-1FC1C0A1CD8F}.Release|Any CPU.ActiveCfg = Release|Any CPU
		{8A8ACEDC-5FD0-4361-9D7A-1FC1C0A1CD8F}.Release|Any CPU.Build.0 = Release|Any CPU
		{8A8ACEDC-5FD0-4361-9D7A-1FC1C0A1CD8F}.Release|Any CPU.Deploy.0 = Release|Any CPU
		{8A8ACEDC-5FD0-4361-9D7A-1FC1C0A1CD8F}.Release|ARM.ActiveCfg = Release|Any CPU
		{8A8ACEDC-5FD0-4361-9D7A-1FC1C0A1CD8F}.Release|ARM.Build.0 = Release|Any CPU
		{8A8ACEDC-5FD0-4361-9D7A-1FC1C0A1CD8F}.Release|ARM.Deploy.0 = Release|Any CPU
		{8A8ACEDC-5FD0-4361-9D7A-1FC1C0A1CD8F}.Release|iPhone.ActiveCfg = Release|Any CPU
		{8A8ACEDC-5FD0-4361-9D7A-1FC1C0A1CD8F}.Release|iPhone.Build.0 = Release|Any CPU
		{8A8ACEDC-5FD0-4361-9D7A-1FC1C0A1CD8F}.Release|iPhone.Deploy.0 = Release|Any CPU
		{8A8ACEDC-5FD0-4361-9D7A-1FC1C0A1CD8F}.Release|iPhoneSimulator.ActiveCfg = Release|Any CPU
		{8A8ACEDC-5FD0-4361-9D7A-1FC1C0A1CD8F}.Release|iPhoneSimulator.Build.0 = Release|Any CPU
		{8A8ACEDC-5FD0-4361-9D7A-1FC1C0A1CD8F}.Release|iPhoneSimulator.Deploy.0 = Release|Any CPU
		{8A8ACEDC-5FD0-4361-9D7A-1FC1C0A1CD8F}.Release|x64.ActiveCfg = Release|Any CPU
		{8A8ACEDC-5FD0-4361-9D7A-1FC1C0A1CD8F}.Release|x64.Build.0 = Release|Any CPU
		{8A8ACEDC-5FD0-4361-9D7A-1FC1C0A1CD8F}.Release|x64.Deploy.0 = Release|Any CPU
		{8A8ACEDC-5FD0-4361-9D7A-1FC1C0A1CD8F}.Release|x86.ActiveCfg = Release|Any CPU
		{8A8ACEDC-5FD0-4361-9D7A-1FC1C0A1CD8F}.Release|x86.Build.0 = Release|Any CPU
		{8A8ACEDC-5FD0-4361-9D7A-1FC1C0A1CD8F}.Release|x86.Deploy.0 = Release|Any CPU
		{FB4E38F8-2390-44D3-B622-A07160A440A2}.Ad-Hoc|Any CPU.ActiveCfg = Ad-Hoc|iPhone
		{FB4E38F8-2390-44D3-B622-A07160A440A2}.Ad-Hoc|ARM.ActiveCfg = Ad-Hoc|iPhone
		{FB4E38F8-2390-44D3-B622-A07160A440A2}.Ad-Hoc|iPhone.ActiveCfg = Ad-Hoc|iPhone
		{FB4E38F8-2390-44D3-B622-A07160A440A2}.Ad-Hoc|iPhone.Build.0 = Ad-Hoc|iPhone
		{FB4E38F8-2390-44D3-B622-A07160A440A2}.Ad-Hoc|iPhoneSimulator.ActiveCfg = Ad-Hoc|iPhoneSimulator
		{FB4E38F8-2390-44D3-B622-A07160A440A2}.Ad-Hoc|iPhoneSimulator.Build.0 = Ad-Hoc|iPhoneSimulator
		{FB4E38F8-2390-44D3-B622-A07160A440A2}.Ad-Hoc|x64.ActiveCfg = Ad-Hoc|iPhone
		{FB4E38F8-2390-44D3-B622-A07160A440A2}.Ad-Hoc|x86.ActiveCfg = Ad-Hoc|iPhone
		{FB4E38F8-2390-44D3-B622-A07160A440A2}.AppStore|Any CPU.ActiveCfg = AppStore|iPhone
		{FB4E38F8-2390-44D3-B622-A07160A440A2}.AppStore|ARM.ActiveCfg = AppStore|iPhone
		{FB4E38F8-2390-44D3-B622-A07160A440A2}.AppStore|iPhone.ActiveCfg = AppStore|iPhone
		{FB4E38F8-2390-44D3-B622-A07160A440A2}.AppStore|iPhone.Build.0 = AppStore|iPhone
		{FB4E38F8-2390-44D3-B622-A07160A440A2}.AppStore|iPhoneSimulator.ActiveCfg = AppStore|iPhoneSimulator
		{FB4E38F8-2390-44D3-B622-A07160A440A2}.AppStore|iPhoneSimulator.Build.0 = AppStore|iPhoneSimulator
		{FB4E38F8-2390-44D3-B622-A07160A440A2}.AppStore|x64.ActiveCfg = AppStore|iPhone
		{FB4E38F8-2390-44D3-B622-A07160A440A2}.AppStore|x86.ActiveCfg = AppStore|iPhone
		{FB4E38F8-2390-44D3-B622-A07160A440A2}.Debug|Any CPU.ActiveCfg = Debug|iPhone
		{FB4E38F8-2390-44D3-B622-A07160A440A2}.Debug|ARM.ActiveCfg = Debug|iPhone
		{FB4E38F8-2390-44D3-B622-A07160A440A2}.Debug|iPhone.ActiveCfg = Debug|iPhone
		{FB4E38F8-2390-44D3-B622-A07160A440A2}.Debug|iPhone.Build.0 = Debug|iPhone
		{FB4E38F8-2390-44D3-B622-A07160A440A2}.Debug|iPhoneSimulator.ActiveCfg = Debug|iPhoneSimulator
		{FB4E38F8-2390-44D3-B622-A07160A440A2}.Debug|iPhoneSimulator.Build.0 = Debug|iPhoneSimulator
		{FB4E38F8-2390-44D3-B622-A07160A440A2}.Debug|x64.ActiveCfg = Debug|iPhone
		{FB4E38F8-2390-44D3-B622-A07160A440A2}.Debug|x86.ActiveCfg = Debug|iPhone
		{FB4E38F8-2390-44D3-B622-A07160A440A2}.Release|Any CPU.ActiveCfg = Release|iPhone
		{FB4E38F8-2390-44D3-B622-A07160A440A2}.Release|ARM.ActiveCfg = Release|iPhone
		{FB4E38F8-2390-44D3-B622-A07160A440A2}.Release|iPhone.ActiveCfg = Release|iPhone
		{FB4E38F8-2390-44D3-B622-A07160A440A2}.Release|iPhone.Build.0 = Release|iPhone
		{FB4E38F8-2390-44D3-B622-A07160A440A2}.Release|iPhoneSimulator.ActiveCfg = Release|iPhoneSimulator
		{FB4E38F8-2390-44D3-B622-A07160A440A2}.Release|iPhoneSimulator.Build.0 = Release|iPhoneSimulator
		{FB4E38F8-2390-44D3-B622-A07160A440A2}.Release|x64.ActiveCfg = Release|iPhone
		{FB4E38F8-2390-44D3-B622-A07160A440A2}.Release|x86.ActiveCfg = Release|iPhone
		{8E66A03C-6676-4DEF-933F-6FF593816F11}.Ad-Hoc|Any CPU.ActiveCfg = Release|x86
		{8E66A03C-6676-4DEF-933F-6FF593816F11}.Ad-Hoc|Any CPU.Build.0 = Release|x86
		{8E66A03C-6676-4DEF-933F-6FF593816F11}.Ad-Hoc|Any CPU.Deploy.0 = Release|x86
		{8E66A03C-6676-4DEF-933F-6FF593816F11}.Ad-Hoc|ARM.ActiveCfg = Release|ARM
		{8E66A03C-6676-4DEF-933F-6FF593816F11}.Ad-Hoc|ARM.Build.0 = Release|ARM
		{8E66A03C-6676-4DEF-933F-6FF593816F11}.Ad-Hoc|ARM.Deploy.0 = Release|ARM
		{8E66A03C-6676-4DEF-933F-6FF593816F11}.Ad-Hoc|iPhone.ActiveCfg = Release|x86
		{8E66A03C-6676-4DEF-933F-6FF593816F11}.Ad-Hoc|iPhone.Build.0 = Release|x86
		{8E66A03C-6676-4DEF-933F-6FF593816F11}.Ad-Hoc|iPhone.Deploy.0 = Release|x86
		{8E66A03C-6676-4DEF-933F-6FF593816F11}.Ad-Hoc|iPhoneSimulator.ActiveCfg = Release|x86
		{8E66A03C-6676-4DEF-933F-6FF593816F11}.Ad-Hoc|iPhoneSimulator.Build.0 = Release|x86
		{8E66A03C-6676-4DEF-933F-6FF593816F11}.Ad-Hoc|iPhoneSimulator.Deploy.0 = Release|x86
		{8E66A03C-6676-4DEF-933F-6FF593816F11}.Ad-Hoc|x64.ActiveCfg = Release|x64
		{8E66A03C-6676-4DEF-933F-6FF593816F11}.Ad-Hoc|x64.Build.0 = Release|x64
		{8E66A03C-6676-4DEF-933F-6FF593816F11}.Ad-Hoc|x64.Deploy.0 = Release|x64
		{8E66A03C-6676-4DEF-933F-6FF593816F11}.Ad-Hoc|x86.ActiveCfg = Release|x86
		{8E66A03C-6676-4DEF-933F-6FF593816F11}.Ad-Hoc|x86.Build.0 = Release|x86
		{8E66A03C-6676-4DEF-933F-6FF593816F11}.Ad-Hoc|x86.Deploy.0 = Release|x86
		{8E66A03C-6676-4DEF-933F-6FF593816F11}.AppStore|Any CPU.ActiveCfg = Release|x86
		{8E66A03C-6676-4DEF-933F-6FF593816F11}.AppStore|Any CPU.Build.0 = Release|x86
		{8E66A03C-6676-4DEF-933F-6FF593816F11}.AppStore|Any CPU.Deploy.0 = Release|x86
		{8E66A03C-6676-4DEF-933F-6FF593816F11}.AppStore|ARM.ActiveCfg = Release|ARM
		{8E66A03C-6676-4DEF-933F-6FF593816F11}.AppStore|ARM.Build.0 = Release|ARM
		{8E66A03C-6676-4DEF-933F-6FF593816F11}.AppStore|ARM.Deploy.0 = Release|ARM
		{8E66A03C-6676-4DEF-933F-6FF593816F11}.AppStore|iPhone.ActiveCfg = Release|x86
		{8E66A03C-6676-4DEF-933F-6FF593816F11}.AppStore|iPhone.Build.0 = Release|x86
		{8E66A03C-6676-4DEF-933F-6FF593816F11}.AppStore|iPhone.Deploy.0 = Release|x86
		{8E66A03C-6676-4DEF-933F-6FF593816F11}.AppStore|iPhoneSimulator.ActiveCfg = Release|x86
		{8E66A03C-6676-4DEF-933F-6FF593816F11}.AppStore|iPhoneSimulator.Build.0 = Release|x86
		{8E66A03C-6676-4DEF-933F-6FF593816F11}.AppStore|iPhoneSimulator.Deploy.0 = Release|x86
		{8E66A03C-6676-4DEF-933F-6FF593816F11}.AppStore|x64.ActiveCfg = Release|x64
		{8E66A03C-6676-4DEF-933F-6FF593816F11}.AppStore|x64.Build.0 = Release|x64
		{8E66A03C-6676-4DEF-933F-6FF593816F11}.AppStore|x64.Deploy.0 = Release|x64
		{8E66A03C-6676-4DEF-933F-6FF593816F11}.AppStore|x86.ActiveCfg = Release|x86
		{8E66A03C-6676-4DEF-933F-6FF593816F11}.AppStore|x86.Build.0 = Release|x86
		{8E66A03C-6676-4DEF-933F-6FF593816F11}.AppStore|x86.Deploy.0 = Release|x86
		{8E66A03C-6676-4DEF-933F-6FF593816F11}.Debug|Any CPU.ActiveCfg = Debug|x86
		{8E66A03C-6676-4DEF-933F-6FF593816F11}.Debug|ARM.ActiveCfg = Debug|ARM
		{8E66A03C-6676-4DEF-933F-6FF593816F11}.Debug|ARM.Build.0 = Debug|ARM
		{8E66A03C-6676-4DEF-933F-6FF593816F11}.Debug|ARM.Deploy.0 = Debug|ARM
		{8E66A03C-6676-4DEF-933F-6FF593816F11}.Debug|iPhone.ActiveCfg = Debug|x86
		{8E66A03C-6676-4DEF-933F-6FF593816F11}.Debug|iPhoneSimulator.ActiveCfg = Debug|x86
		{8E66A03C-6676-4DEF-933F-6FF593816F11}.Debug|x64.ActiveCfg = Debug|x64
		{8E66A03C-6676-4DEF-933F-6FF593816F11}.Debug|x64.Build.0 = Debug|x64
		{8E66A03C-6676-4DEF-933F-6FF593816F11}.Debug|x64.Deploy.0 = Debug|x64
		{8E66A03C-6676-4DEF-933F-6FF593816F11}.Debug|x86.ActiveCfg = Debug|x86
		{8E66A03C-6676-4DEF-933F-6FF593816F11}.Debug|x86.Build.0 = Debug|x86
		{8E66A03C-6676-4DEF-933F-6FF593816F11}.Debug|x86.Deploy.0 = Debug|x86
		{8E66A03C-6676-4DEF-933F-6FF593816F11}.Release|Any CPU.ActiveCfg = Release|x86
		{8E66A03C-6676-4DEF-933F-6FF593816F11}.Release|ARM.ActiveCfg = Release|ARM
		{8E66A03C-6676-4DEF-933F-6FF593816F11}.Release|ARM.Build.0 = Release|ARM
		{8E66A03C-6676-4DEF-933F-6FF593816F11}.Release|ARM.Deploy.0 = Release|ARM
		{8E66A03C-6676-4DEF-933F-6FF593816F11}.Release|iPhone.ActiveCfg = Release|x86
		{8E66A03C-6676-4DEF-933F-6FF593816F11}.Release|iPhoneSimulator.ActiveCfg = Release|x86
		{8E66A03C-6676-4DEF-933F-6FF593816F11}.Release|x64.ActiveCfg = Release|x64
		{8E66A03C-6676-4DEF-933F-6FF593816F11}.Release|x64.Build.0 = Release|x64
		{8E66A03C-6676-4DEF-933F-6FF593816F11}.Release|x64.Deploy.0 = Release|x64
		{8E66A03C-6676-4DEF-933F-6FF593816F11}.Release|x86.ActiveCfg = Release|x86
		{8E66A03C-6676-4DEF-933F-6FF593816F11}.Release|x86.Build.0 = Release|x86
		{8E66A03C-6676-4DEF-933F-6FF593816F11}.Release|x86.Deploy.0 = Release|x86
		{E610305E-E444-4052-9176-50348B207362}.Ad-Hoc|Any CPU.ActiveCfg = Debug|Any CPU
		{E610305E-E444-4052-9176-50348B207362}.Ad-Hoc|Any CPU.Build.0 = Debug|Any CPU
		{E610305E-E444-4052-9176-50348B207362}.Ad-Hoc|ARM.ActiveCfg = Debug|Any CPU
		{E610305E-E444-4052-9176-50348B207362}.Ad-Hoc|ARM.Build.0 = Debug|Any CPU
		{E610305E-E444-4052-9176-50348B207362}.Ad-Hoc|iPhone.ActiveCfg = Debug|Any CPU
		{E610305E-E444-4052-9176-50348B207362}.Ad-Hoc|iPhone.Build.0 = Debug|Any CPU
		{E610305E-E444-4052-9176-50348B207362}.Ad-Hoc|iPhoneSimulator.ActiveCfg = Debug|Any CPU
		{E610305E-E444-4052-9176-50348B207362}.Ad-Hoc|iPhoneSimulator.Build.0 = Debug|Any CPU
		{E610305E-E444-4052-9176-50348B207362}.Ad-Hoc|x64.ActiveCfg = Debug|Any CPU
		{E610305E-E444-4052-9176-50348B207362}.Ad-Hoc|x64.Build.0 = Debug|Any CPU
		{E610305E-E444-4052-9176-50348B207362}.Ad-Hoc|x86.ActiveCfg = Debug|Any CPU
		{E610305E-E444-4052-9176-50348B207362}.Ad-Hoc|x86.Build.0 = Debug|Any CPU
		{E610305E-E444-4052-9176-50348B207362}.AppStore|Any CPU.ActiveCfg = Debug|Any CPU
		{E610305E-E444-4052-9176-50348B207362}.AppStore|Any CPU.Build.0 = Debug|Any CPU
		{E610305E-E444-4052-9176-50348B207362}.AppStore|ARM.ActiveCfg = Debug|Any CPU
		{E610305E-E444-4052-9176-50348B207362}.AppStore|ARM.Build.0 = Debug|Any CPU
		{E610305E-E444-4052-9176-50348B207362}.AppStore|iPhone.ActiveCfg = Debug|Any CPU
		{E610305E-E444-4052-9176-50348B207362}.AppStore|iPhone.Build.0 = Debug|Any CPU
		{E610305E-E444-4052-9176-50348B207362}.AppStore|iPhoneSimulator.ActiveCfg = Debug|Any CPU
		{E610305E-E444-4052-9176-50348B207362}.AppStore|iPhoneSimulator.Build.0 = Debug|Any CPU
		{E610305E-E444-4052-9176-50348B207362}.AppStore|x64.ActiveCfg = Debug|Any CPU
		{E610305E-E444-4052-9176-50348B207362}.AppStore|x64.Build.0 = Debug|Any CPU
		{E610305E-E444-4052-9176-50348B207362}.AppStore|x86.ActiveCfg = Debug|Any CPU
		{E610305E-E444-4052-9176-50348B207362}.AppStore|x86.Build.0 = Debug|Any CPU
		{E610305E-E444-4052-9176-50348B207362}.Debug|Any CPU.ActiveCfg = Debug|Any CPU
		{E610305E-E444-4052-9176-50348B207362}.Debug|Any CPU.Build.0 = Debug|Any CPU
		{E610305E-E444-4052-9176-50348B207362}.Debug|ARM.ActiveCfg = Debug|Any CPU
		{E610305E-E444-4052-9176-50348B207362}.Debug|ARM.Build.0 = Debug|Any CPU
		{E610305E-E444-4052-9176-50348B207362}.Debug|iPhone.ActiveCfg = Debug|Any CPU
		{E610305E-E444-4052-9176-50348B207362}.Debug|iPhone.Build.0 = Debug|Any CPU
		{E610305E-E444-4052-9176-50348B207362}.Debug|iPhoneSimulator.ActiveCfg = Debug|Any CPU
		{E610305E-E444-4052-9176-50348B207362}.Debug|iPhoneSimulator.Build.0 = Debug|Any CPU
		{E610305E-E444-4052-9176-50348B207362}.Debug|x64.ActiveCfg = Debug|Any CPU
		{E610305E-E444-4052-9176-50348B207362}.Debug|x64.Build.0 = Debug|Any CPU
		{E610305E-E444-4052-9176-50348B207362}.Debug|x86.ActiveCfg = Debug|Any CPU
		{E610305E-E444-4052-9176-50348B207362}.Debug|x86.Build.0 = Debug|Any CPU
		{E610305E-E444-4052-9176-50348B207362}.Release|Any CPU.ActiveCfg = Release|Any CPU
		{E610305E-E444-4052-9176-50348B207362}.Release|Any CPU.Build.0 = Release|Any CPU
		{E610305E-E444-4052-9176-50348B207362}.Release|ARM.ActiveCfg = Release|Any CPU
		{E610305E-E444-4052-9176-50348B207362}.Release|ARM.Build.0 = Release|Any CPU
		{E610305E-E444-4052-9176-50348B207362}.Release|iPhone.ActiveCfg = Release|Any CPU
		{E610305E-E444-4052-9176-50348B207362}.Release|iPhone.Build.0 = Release|Any CPU
		{E610305E-E444-4052-9176-50348B207362}.Release|iPhoneSimulator.ActiveCfg = Release|Any CPU
		{E610305E-E444-4052-9176-50348B207362}.Release|iPhoneSimulator.Build.0 = Release|Any CPU
		{E610305E-E444-4052-9176-50348B207362}.Release|x64.ActiveCfg = Release|Any CPU
		{E610305E-E444-4052-9176-50348B207362}.Release|x64.Build.0 = Release|Any CPU
		{E610305E-E444-4052-9176-50348B207362}.Release|x86.ActiveCfg = Release|Any CPU
		{E610305E-E444-4052-9176-50348B207362}.Release|x86.Build.0 = Release|Any CPU
		{201303B6-1DB7-4AB3-8F07-0E0288AA70E8}.Ad-Hoc|Any CPU.ActiveCfg = Debug|Any CPU
		{201303B6-1DB7-4AB3-8F07-0E0288AA70E8}.Ad-Hoc|Any CPU.Build.0 = Debug|Any CPU
		{201303B6-1DB7-4AB3-8F07-0E0288AA70E8}.Ad-Hoc|ARM.ActiveCfg = Debug|Any CPU
		{201303B6-1DB7-4AB3-8F07-0E0288AA70E8}.Ad-Hoc|ARM.Build.0 = Debug|Any CPU
		{201303B6-1DB7-4AB3-8F07-0E0288AA70E8}.Ad-Hoc|iPhone.ActiveCfg = Debug|Any CPU
		{201303B6-1DB7-4AB3-8F07-0E0288AA70E8}.Ad-Hoc|iPhone.Build.0 = Debug|Any CPU
		{201303B6-1DB7-4AB3-8F07-0E0288AA70E8}.Ad-Hoc|iPhoneSimulator.ActiveCfg = Debug|Any CPU
		{201303B6-1DB7-4AB3-8F07-0E0288AA70E8}.Ad-Hoc|iPhoneSimulator.Build.0 = Debug|Any CPU
		{201303B6-1DB7-4AB3-8F07-0E0288AA70E8}.Ad-Hoc|x64.ActiveCfg = Debug|Any CPU
		{201303B6-1DB7-4AB3-8F07-0E0288AA70E8}.Ad-Hoc|x64.Build.0 = Debug|Any CPU
		{201303B6-1DB7-4AB3-8F07-0E0288AA70E8}.Ad-Hoc|x86.ActiveCfg = Debug|Any CPU
		{201303B6-1DB7-4AB3-8F07-0E0288AA70E8}.Ad-Hoc|x86.Build.0 = Debug|Any CPU
		{201303B6-1DB7-4AB3-8F07-0E0288AA70E8}.AppStore|Any CPU.ActiveCfg = Debug|Any CPU
		{201303B6-1DB7-4AB3-8F07-0E0288AA70E8}.AppStore|Any CPU.Build.0 = Debug|Any CPU
		{201303B6-1DB7-4AB3-8F07-0E0288AA70E8}.AppStore|ARM.ActiveCfg = Debug|Any CPU
		{201303B6-1DB7-4AB3-8F07-0E0288AA70E8}.AppStore|ARM.Build.0 = Debug|Any CPU
		{201303B6-1DB7-4AB3-8F07-0E0288AA70E8}.AppStore|iPhone.ActiveCfg = Debug|Any CPU
		{201303B6-1DB7-4AB3-8F07-0E0288AA70E8}.AppStore|iPhone.Build.0 = Debug|Any CPU
		{201303B6-1DB7-4AB3-8F07-0E0288AA70E8}.AppStore|iPhoneSimulator.ActiveCfg = Debug|Any CPU
		{201303B6-1DB7-4AB3-8F07-0E0288AA70E8}.AppStore|iPhoneSimulator.Build.0 = Debug|Any CPU
		{201303B6-1DB7-4AB3-8F07-0E0288AA70E8}.AppStore|x64.ActiveCfg = Debug|Any CPU
		{201303B6-1DB7-4AB3-8F07-0E0288AA70E8}.AppStore|x64.Build.0 = Debug|Any CPU
		{201303B6-1DB7-4AB3-8F07-0E0288AA70E8}.AppStore|x86.ActiveCfg = Debug|Any CPU
		{201303B6-1DB7-4AB3-8F07-0E0288AA70E8}.AppStore|x86.Build.0 = Debug|Any CPU
		{201303B6-1DB7-4AB3-8F07-0E0288AA70E8}.Debug|Any CPU.ActiveCfg = Debug|Any CPU
		{201303B6-1DB7-4AB3-8F07-0E0288AA70E8}.Debug|Any CPU.Build.0 = Debug|Any CPU
		{201303B6-1DB7-4AB3-8F07-0E0288AA70E8}.Debug|ARM.ActiveCfg = Debug|Any CPU
		{201303B6-1DB7-4AB3-8F07-0E0288AA70E8}.Debug|ARM.Build.0 = Debug|Any CPU
		{201303B6-1DB7-4AB3-8F07-0E0288AA70E8}.Debug|iPhone.ActiveCfg = Debug|Any CPU
		{201303B6-1DB7-4AB3-8F07-0E0288AA70E8}.Debug|iPhone.Build.0 = Debug|Any CPU
		{201303B6-1DB7-4AB3-8F07-0E0288AA70E8}.Debug|iPhoneSimulator.ActiveCfg = Debug|Any CPU
		{201303B6-1DB7-4AB3-8F07-0E0288AA70E8}.Debug|iPhoneSimulator.Build.0 = Debug|Any CPU
		{201303B6-1DB7-4AB3-8F07-0E0288AA70E8}.Debug|x64.ActiveCfg = Debug|Any CPU
		{201303B6-1DB7-4AB3-8F07-0E0288AA70E8}.Debug|x64.Build.0 = Debug|Any CPU
		{201303B6-1DB7-4AB3-8F07-0E0288AA70E8}.Debug|x86.ActiveCfg = Debug|Any CPU
		{201303B6-1DB7-4AB3-8F07-0E0288AA70E8}.Debug|x86.Build.0 = Debug|Any CPU
		{201303B6-1DB7-4AB3-8F07-0E0288AA70E8}.Release|Any CPU.ActiveCfg = Release|Any CPU
		{201303B6-1DB7-4AB3-8F07-0E0288AA70E8}.Release|Any CPU.Build.0 = Release|Any CPU
		{201303B6-1DB7-4AB3-8F07-0E0288AA70E8}.Release|ARM.ActiveCfg = Release|Any CPU
		{201303B6-1DB7-4AB3-8F07-0E0288AA70E8}.Release|ARM.Build.0 = Release|Any CPU
		{201303B6-1DB7-4AB3-8F07-0E0288AA70E8}.Release|iPhone.ActiveCfg = Release|Any CPU
		{201303B6-1DB7-4AB3-8F07-0E0288AA70E8}.Release|iPhone.Build.0 = Release|Any CPU
		{201303B6-1DB7-4AB3-8F07-0E0288AA70E8}.Release|iPhoneSimulator.ActiveCfg = Release|Any CPU
		{201303B6-1DB7-4AB3-8F07-0E0288AA70E8}.Release|iPhoneSimulator.Build.0 = Release|Any CPU
		{201303B6-1DB7-4AB3-8F07-0E0288AA70E8}.Release|x64.ActiveCfg = Release|Any CPU
		{201303B6-1DB7-4AB3-8F07-0E0288AA70E8}.Release|x64.Build.0 = Release|Any CPU
		{201303B6-1DB7-4AB3-8F07-0E0288AA70E8}.Release|x86.ActiveCfg = Release|Any CPU
		{201303B6-1DB7-4AB3-8F07-0E0288AA70E8}.Release|x86.Build.0 = Release|Any CPU
	EndGlobalSection
	GlobalSection(SolutionProperties) = preSolution
		HideSolutionNode = FALSE
	EndGlobalSection
	GlobalSection(NestedProjects) = preSolution
		{8A8ACEDC-5FD0-4361-9D7A-1FC1C0A1CD8F} = {6967F8CC-CFCD-425E-AFF1-BB49FFC91DC3}
		{FB4E38F8-2390-44D3-B622-A07160A440A2} = {6967F8CC-CFCD-425E-AFF1-BB49FFC91DC3}
		{8E66A03C-6676-4DEF-933F-6FF593816F11} = {6967F8CC-CFCD-425E-AFF1-BB49FFC91DC3}
		{201303B6-1DB7-4AB3-8F07-0E0288AA70E8} = {BF1FD00B-F586-4411-8623-24BAF2676C3B}
	EndGlobalSection
	GlobalSection(ExtensibilityGlobals) = postSolution
		SolutionGuid = {6C308ED3-B3F8-4D0F-A868-E55CF98A6D87}
	EndGlobalSection
EndGlobal
